
Microsoft Visual Studio Solution File, Format Version 12.00
# Visual Studio Version 17
VisualStudioVersion = 17.3.32901.215
MinimumVisualStudioVersion = 10.0.40219.1
Project("{FAE04EC0-301F-11D3-BF4B-00C04F79EFBC}") = "MediaFilesBox.Domain", "MediaFilesBox.Domain\MediaFilesBox.Domain.csproj", "{BF457C72-9C82-4CB5-858C-CDAE4B2318A2}"
EndProject
Project("{FAE04EC0-301F-11D3-BF4B-00C04F79EFBC}") = "MediaFilesBox.Infrastructure", "MediaFilesBox.Infrastructure\MediaFilesBox.Infrastructure.csproj", "{342B5447-6120-4AC9-8E79-6509FCBF905B}"
EndProject
Project("{FAE04EC0-301F-11D3-BF4B-00C04F79EFBC}") = "MediaFilesBox.Application", "MediaFilesBox.Application\MediaFilesBox.Application.csproj", "{1E53B74D-63D5-4FF8-BA81-2662E3A5BEC5}"
EndProject
Project("{FAE04EC0-301F-11D3-BF4B-00C04F79EFBC}") = "MediaFilesBox.WebApi", "MediaFilesBox.WebApi\MediaFilesBox.WebApi.csproj", "{90D01A5F-C9C6-42D7-A5F5-5ADB25C8BEF2}"
EndProject
Global
	GlobalSection(SolutionConfigurationPlatforms) = preSolution
		Debug|Any CPU = Debug|Any CPU
		Release|Any CPU = Release|Any CPU
	EndGlobalSection
	GlobalSection(ProjectConfigurationPlatforms) = postSolution
		{BF457C72-9C82-4CB5-858C-CDAE4B2318A2}.Debug|Any CPU.ActiveCfg = Debug|Any CPU
		{BF457C72-9C82-4CB5-858C-CDAE4B2318A2}.Debug|Any CPU.Build.0 = Debug|Any CPU
		{BF457C72-9C82-4CB5-858C-CDAE4B2318A2}.Release|Any CPU.ActiveCfg = Release|Any CPU
		{BF457C72-9C82-4CB5-858C-CDAE4B2318A2}.Release|Any CPU.Build.0 = Release|Any CPU
		{342B5447-6120-4AC9-8E79-6509FCBF905B}.Debug|Any CPU.ActiveCfg = Debug|Any CPU
		{342B5447-6120-4AC9-8E79-6509FCBF905B}.Debug|Any CPU.Build.0 = Debug|Any CPU
		{342B5447-6120-4AC9-8E79-6509FCBF905B}.Release|Any CPU.ActiveCfg = Release|Any CPU
		{342B5447-6120-4AC9-8E79-6509FCBF905B}.Release|Any CPU.Build.0 = Release|Any CPU
		{1E53B74D-63D5-4FF8-BA81-2662E3A5BEC5}.Debug|Any CPU.ActiveCfg = Debug|Any CPU
		{1E53B74D-63D5-4FF8-BA81-2662E3A5BEC5}.Debug|Any CPU.Build.0 = Debug|Any CPU
		{1E53B74D-63D5-4FF8-BA81-2662E3A5BEC5}.Release|Any CPU.ActiveCfg = Release|Any CPU
		{1E53B74D-63D5-4FF8-BA81-2662E3A5BEC5}.Release|Any CPU.Build.0 = Release|Any CPU
		{90D01A5F-C9C6-42D7-A5F5-5ADB25C8BEF2}.Debug|Any CPU.ActiveCfg = Debug|Any CPU
		{90D01A5F-C9C6-42D7-A5F5-5ADB25C8BEF2}.Debug|Any CPU.Build.0 = Debug|Any CPU
		{90D01A5F-C9C6-42D7-A5F5-5ADB25C8BEF2}.Release|Any CPU.ActiveCfg = Release|Any CPU
		{90D01A5F-C9C6-42D7-A5F5-5ADB25C8BEF2}.Release|Any CPU.Build.0 = Release|Any CPU
	EndGlobalSection
	GlobalSection(SolutionProperties) = preSolution
		HideSolutionNode = FALSE
	EndGlobalSection
	GlobalSection(ExtensibilityGlobals) = postSolution
		SolutionGuid = {CFB3E452-1AB5-458C-8D96-738B50BB6629}
	EndGlobalSection
EndGlobal
